{
  "version": 4,
  "terraform_version": "1.9.8",
  "serial": 50,
  "lineage": "c16eb2a5-f858-dafa-4a0a-42fc05076b55",
  "outputs": {
    "kubeconfig_path": {
      "value": "modules/kubeconfig/kubeconfig.yaml",
      "type": "string"
    }
  },
  "resources": [
    {
      "module": "module.iam",
      "mode": "managed",
      "type": "yandex_iam_service_account",
      "name": "k8s_cluster_sa",
      "provider": "provider[\"registry.terraform.io/yandex-cloud/yandex\"]",
      "instances": [
        {
          "schema_version": 1,
          "attributes": {
            "created_at": "2025-12-12T14:15:52Z",
            "description": "Service account for Managed K8s master nodes",
            "folder_id": "b1gd51vategmg1p2q3uq",
            "id": "ajek1eloi44ol1lbl1b7",
            "labels": null,
            "name": "perx-k8s-cluster-sa",
            "service_account_id": "ajek1eloi44ol1lbl1b7",
            "timeouts": null
          },
          "sensitive_attributes": []
        }
      ]
    },
    {
      "module": "module.iam",
      "mode": "managed",
      "type": "yandex_iam_service_account",
      "name": "k8s_nodes_sa",
      "provider": "provider[\"registry.terraform.io/yandex-cloud/yandex\"]",
      "instances": [
        {
          "schema_version": 1,
          "attributes": {
            "created_at": "2025-12-12T14:15:53Z",
            "description": "Service account for Managed K8s worker nodes",
            "folder_id": "b1gd51vategmg1p2q3uq",
            "id": "ajelo88p879mtisgvs36",
            "labels": null,
            "name": "perx-k8s-nodes-sa",
            "service_account_id": "ajelo88p879mtisgvs36",
            "timeouts": null
          },
          "sensitive_attributes": []
        }
      ]
    },
    {
      "module": "module.iam",
      "mode": "managed",
      "type": "yandex_resourcemanager_folder_iam_binding",
      "name": "k8s_cluster_agent",
      "provider": "provider[\"registry.terraform.io/yandex-cloud/yandex\"]",
      "instances": [
        {
          "schema_version": 0,
          "attributes": {
            "folder_id": "b1gd51vategmg1p2q3uq",
            "members": [
              "serviceAccount:ajek1eloi44ol1lbl1b7"
            ],
            "role": "k8s.clusters.agent",
            "sleep_after": null
          },
          "sensitive_attributes": [],
          "dependencies": [
            "module.iam.yandex_iam_service_account.k8s_cluster_sa"
          ]
        }
      ]
    },
    {
      "module": "module.iam",
      "mode": "managed",
      "type": "yandex_resourcemanager_folder_iam_binding",
      "name": "k8s_nodes_cr_puller",
      "provider": "provider[\"registry.terraform.io/yandex-cloud/yandex\"]",
      "instances": [
        {
          "schema_version": 0,
          "attributes": {
            "folder_id": "b1gd51vategmg1p2q3uq",
            "members": [
              "serviceAccount:ajelo88p879mtisgvs36"
            ],
            "role": "container-registry.images.puller",
            "sleep_after": null
          },
          "sensitive_attributes": [],
          "dependencies": [
            "module.iam.yandex_iam_service_account.k8s_nodes_sa"
          ]
        }
      ]
    },
    {
      "module": "module.iam",
      "mode": "managed",
      "type": "yandex_resourcemanager_folder_iam_binding",
      "name": "k8s_vpc_public_admin",
      "provider": "provider[\"registry.terraform.io/yandex-cloud/yandex\"]",
      "instances": [
        {
          "schema_version": 0,
          "attributes": {
            "folder_id": "b1gd51vategmg1p2q3uq",
            "members": [
              "serviceAccount:ajek1eloi44ol1lbl1b7"
            ],
            "role": "vpc.publicAdmin",
            "sleep_after": null
          },
          "sensitive_attributes": [],
          "dependencies": [
            "module.iam.yandex_iam_service_account.k8s_cluster_sa"
          ]
        }
      ]
    },
    {
      "module": "module.k8s",
      "mode": "managed",
      "type": "yandex_kubernetes_cluster",
      "name": "perx",
      "provider": "provider[\"registry.terraform.io/yandex-cloud/yandex\"]",
      "instances": [
        {
          "schema_version": 0,
          "attributes": {
            "cluster_ipv4_range": "10.10.0.0/16",
            "cluster_ipv6_range": "",
            "created_at": "2025-12-12T14:29:10Z",
            "description": "",
            "folder_id": "b1gd51vategmg1p2q3uq",
            "health": "healthy",
            "id": "catdhhs3onc7qhq221uj",
            "kms_provider": [],
            "labels": {
              "env": "prod",
              "project": "perx",
              "role": "k8s-cluster",
              "scope": "public"
            },
            "log_group_id": "",
            "master": [
              {
                "cluster_ca_certificate": "-----BEGIN CERTIFICATE-----\nMIIC5zCCAc+gAwIBAgIBADANBgkqhkiG9w0BAQsFADAVMRMwEQYDVQQDEwprdWJl\ncm5ldGVzMB4XDTI1MTIxMjE0MjkxMloXDTM1MTIxMDE0MjkxMlowFTETMBEGA1UE\nAxMKa3ViZXJuZXRlczCCASIwDQYJKoZIhvcNAQEBBQADggEPADCCAQoCggEBAMzR\nds6cqrs2ZUN+mFIlWZWlUtB6Y91ne7i1cKFqFKMbL3O6hOfxiTzvJEweYQwYSh1N\nW9UHaqPbQzxUQyk9FLJ7LRFW5Y+E544LHY6w3iJODZET6MmCuWLNWKzeGZow0+OG\nLQiI+wpWo5yfCFdd+xEtk1AOWyb1pDChCVfKVGUQLvb/IBAJFGiHBCII3mFA7Fx3\nAov6KfUjzqb8oE+x/bQ6g7Vyd6L1Vread0ZYjGOicd7Nq5HvIHF2orVizJv670ra\n+0uBkyOEbJx92KcFbM1sg2X6E2/pjB+PcUtwi2zr9fsJXNaWhY2WEXfFKjm6MroM\nznwvUO7/AepB7ojnUU0CAwEAAaNCMEAwDgYDVR0PAQH/BAQDAgKkMA8GA1UdEwEB\n/wQFMAMBAf8wHQYDVR0OBBYEFHp9rtlFgCbDj8FF11M9NgIGCAUtMA0GCSqGSIb3\nDQEBCwUAA4IBAQCBS3M8d1xuwCg4oCau/9tzzcjGT+PzyUaIaPbnsq3sWENIH+fT\nqbNn171JfxmgGPAR3lS4euITQZ6WIxSFDMlvAcK8BVdNgysiCu9EaKzzExEndYeC\neaZdtrQRP8GLQigscCBGrYQvE+HnPd5pQuyEmfAhnVwgOCJZiQ6tStzSJz4b6Qyx\n/NVVO0hpmoSFXBeaU2YOGppfmT2BXsfD4CqnHQKWSd3W+hnjZOl/GnJQRyKjcQpf\ncxqaW84GHEN6QUCZyJZfw6iLKURwGYDdxvas3lzFBma1druZb8Y3E+sT+azXDWKn\nV/dr/B3+mODkEaqfxty078F+0R5OWSnhHFee\n-----END CERTIFICATE-----\n",
                "etcd_cluster_size": 1,
                "external_v4_address": "178.154.227.166",
                "external_v4_endpoint": "https://178.154.227.166",
                "external_v6_address": "",
                "external_v6_endpoint": "",
                "internal_v4_address": "10.0.0.19",
                "internal_v4_endpoint": "https://10.0.0.19",
                "maintenance_policy": [
                  {
                    "auto_upgrade": false,
                    "maintenance_window": []
                  }
                ],
                "master_location": [
                  {
                    "subnet_id": "e9bnisj99kmg3ikfj0uv",
                    "zone": "ru-central1-a"
                  }
                ],
                "master_logging": [],
                "public_ip": true,
                "regional": [],
                "scale_policy": [
                  {
                    "auto_scale": [
                      {
                        "min_resource_preset_id": "s-c2-m8"
                      }
                    ]
                  }
                ],
                "security_group_ids": [
                  "enpani0e4s6m34u3nafo",
                  "enpjl2k4tmbbp1bili30"
                ],
                "version": "1.33",
                "version_info": [
                  {
                    "current_version": "1.33",
                    "new_revision_available": false,
                    "new_revision_summary": "",
                    "version_deprecated": false
                  }
                ],
                "zonal": [
                  {
                    "subnet_id": "e9bnisj99kmg3ikfj0uv",
                    "zone": "ru-central1-a"
                  }
                ]
              }
            ],
            "name": "perx-cluster",
            "network_id": "enpssdj1860k3mb2tr4s",
            "network_implementation": [],
            "network_policy_provider": "CALICO",
            "node_ipv4_cidr_mask_size": 26,
            "node_service_account_id": "ajelo88p879mtisgvs36",
            "release_channel": "REGULAR",
            "service_account_id": "ajek1eloi44ol1lbl1b7",
            "service_ipv4_range": "10.11.0.0/16",
            "service_ipv6_range": "",
            "status": "running",
            "timeouts": null,
            "workload_identity_federation": []
          },
          "sensitive_attributes": [],
          "private": "eyJlMmJmYjczMC1lY2FhLTExZTYtOGY4OC0zNDM2M2JjN2M0YzAiOnsiY3JlYXRlIjoxODAwMDAwMDAwMDAwLCJkZWxldGUiOjEyMDAwMDAwMDAwMDAsInJlYWQiOjMwMDAwMDAwMDAwMCwidXBkYXRlIjoxODAwMDAwMDAwMDAwfX0=",
          "dependencies": [
            "module.iam.yandex_iam_service_account.k8s_cluster_sa",
            "module.iam.yandex_iam_service_account.k8s_nodes_sa",
            "module.k8s.yandex_vpc_security_group.k8s_cluster_api",
            "module.k8s.yandex_vpc_security_group.k8s_cluster_node_traffic",
            "module.network.yandex_vpc_network.k8s",
            "module.network.yandex_vpc_subnet.public_a"
          ]
        }
      ]
    },
    {
      "module": "module.k8s",
      "mode": "managed",
      "type": "yandex_kubernetes_node_group",
      "name": "perx_ng",
      "provider": "provider[\"registry.terraform.io/yandex-cloud/yandex\"]",
      "instances": [
        {
          "schema_version": 0,
          "attributes": {
            "allocation_policy": [
              {
                "location": [
                  {
                    "subnet_id": "e9bef4b72hg54usnv3uh",
                    "zone": "ru-central1-a"
                  }
                ]
              }
            ],
            "allowed_unsafe_sysctls": [],
            "cluster_id": "catdhhs3onc7qhq221uj",
            "created_at": "2025-12-12T14:38:12Z",
            "deploy_policy": [
              {
                "max_expansion": 3,
                "max_unavailable": 0
              }
            ],
            "description": "Node group",
            "id": "catn12ca4bnef322o0tr",
            "instance_group_id": "cl1aupjcau5l0b3gcqbg",
            "instance_template": [
              {
                "boot_disk": [
                  {
                    "size": 50,
                    "type": "network-hdd"
                  }
                ],
                "container_network": [
                  {
                    "pod_mtu": 0
                  }
                ],
                "container_runtime": [],
                "gpu_settings": [],
                "labels": {},
                "metadata": {},
                "name": "",
                "nat": false,
                "network_acceleration_type": "type_unspecified",
                "network_interface": [
                  {
                    "ipv4": true,
                    "ipv4_dns_records": [],
                    "ipv6": false,
                    "ipv6_dns_records": [],
                    "nat": false,
                    "security_group_ids": [
                      "enpani0e4s6m34u3nafo",
                      "enpdh331gubunut4h784",
                      "enpq2h9aen5joq4nk1lp"
                    ],
                    "subnet_ids": [
                      "e9bef4b72hg54usnv3uh"
                    ]
                  }
                ],
                "placement_policy": [],
                "platform_id": "standard-v3",
                "resources": [
                  {
                    "core_fraction": 100,
                    "cores": 2,
                    "gpus": 0,
                    "memory": 4
                  }
                ],
                "scheduling_policy": [
                  {
                    "preemptible": false
                  }
                ]
              }
            ],
            "labels": {
              "env": "prod",
              "project": "perx",
              "role": "worker"
            },
            "maintenance_policy": [
              {
                "auto_repair": false,
                "auto_upgrade": false,
                "maintenance_window": []
              }
            ],
            "name": "perx-node-group-1",
            "node_labels": {},
            "node_taints": [],
            "scale_policy": [
              {
                "auto_scale": [],
                "fixed_scale": [
                  {
                    "size": 1
                  }
                ]
              }
            ],
            "status": "running",
            "timeouts": null,
            "version": "1.33",
            "version_info": [
              {
                "current_version": "1.33",
                "new_revision_available": false,
                "new_revision_summary": "",
                "version_deprecated": false
              }
            ]
          },
          "sensitive_attributes": [],
          "private": "eyJlMmJmYjczMC1lY2FhLTExZTYtOGY4OC0zNDM2M2JjN2M0YzAiOnsiY3JlYXRlIjozNjAwMDAwMDAwMDAwLCJkZWxldGUiOjEyMDAwMDAwMDAwMDAsInJlYWQiOjYwMDAwMDAwMDAwMCwidXBkYXRlIjozNjAwMDAwMDAwMDAwfX0=",
          "dependencies": [
            "module.iam.yandex_iam_service_account.k8s_cluster_sa",
            "module.iam.yandex_iam_service_account.k8s_nodes_sa",
            "module.k8s.yandex_kubernetes_cluster.perx",
            "module.k8s.yandex_vpc_security_group.k8s_cluster_api",
            "module.k8s.yandex_vpc_security_group.k8s_cluster_node_traffic",
            "module.k8s.yandex_vpc_security_group.k8s_nodes_base",
            "module.k8s.yandex_vpc_security_group.k8s_nodes_ingress",
            "module.network.yandex_vpc_gateway.nat",
            "module.network.yandex_vpc_network.k8s",
            "module.network.yandex_vpc_route_table.private_rt",
            "module.network.yandex_vpc_subnet.private_a",
            "module.network.yandex_vpc_subnet.public_a"
          ]
        }
      ]
    },
    {
      "module": "module.k8s",
      "mode": "managed",
      "type": "yandex_vpc_security_group",
      "name": "k8s_cluster_api",
      "provider": "provider[\"registry.terraform.io/yandex-cloud/yandex\"]",
      "instances": [
        {
          "schema_version": 0,
          "attributes": {
            "created_at": "2025-12-12T16:22:30Z",
            "description": "",
            "egress": [
              {
                "description": "Allow egress (control plane needs it)",
                "from_port": 0,
                "id": "enpkj55hkak2ts8fbuks",
                "labels": {},
                "port": -1,
                "predefined_target": "",
                "protocol": "ANY",
                "security_group_id": "",
                "to_port": 65535,
                "v4_cidr_blocks": [
                  "0.0.0.0/0"
                ],
                "v6_cidr_blocks": []
              }
            ],
            "folder_id": "b1gd51vategmg1p2q3uq",
            "id": "enpjl2k4tmbbp1bili30",
            "ingress": [
              {
                "description": "K8s API via 443",
                "from_port": -1,
                "id": "enp1b79vd6t0ulobedb8",
                "labels": {},
                "port": 443,
                "predefined_target": "",
                "protocol": "TCP",
                "security_group_id": "",
                "to_port": -1,
                "v4_cidr_blocks": [
                  "0.0.0.0/0"
                ],
                "v6_cidr_blocks": []
              },
              {
                "description": "K8s API via 6443",
                "from_port": -1,
                "id": "enpoj9p14um4r0e5ebo2",
                "labels": {},
                "port": 6443,
                "predefined_target": "",
                "protocol": "TCP",
                "security_group_id": "",
                "to_port": -1,
                "v4_cidr_blocks": [
                  "0.0.0.0/0"
                ],
                "v6_cidr_blocks": []
              }
            ],
            "labels": {},
            "name": "perx-k8s-cluster-api",
            "network_id": "enpssdj1860k3mb2tr4s",
            "status": "ACTIVE",
            "timeouts": null
          },
          "sensitive_attributes": [],
          "private": "eyJlMmJmYjczMC1lY2FhLTExZTYtOGY4OC0zNDM2M2JjN2M0YzAiOnsiY3JlYXRlIjoxODAwMDAwMDAwMDAsImRlbGV0ZSI6MTgwMDAwMDAwMDAwLCJ1cGRhdGUiOjE4MDAwMDAwMDAwMH19",
          "dependencies": [
            "module.network.yandex_vpc_network.k8s"
          ]
        }
      ]
    },
    {
      "module": "module.k8s",
      "mode": "managed",
      "type": "yandex_vpc_security_group",
      "name": "k8s_cluster_node_traffic",
      "provider": "provider[\"registry.terraform.io/yandex-cloud/yandex\"]",
      "instances": [
        {
          "schema_version": 0,
          "attributes": {
            "created_at": "2025-12-12T16:22:33Z",
            "description": "",
            "egress": [
              {
                "description": "Master\u003c-\u003eNodes service traffic (egress)",
                "from_port": 0,
                "id": "enpe1posu81q2hb79nva",
                "labels": {},
                "port": -1,
                "predefined_target": "self_security_group",
                "protocol": "ANY",
                "security_group_id": "",
                "to_port": 65535,
                "v4_cidr_blocks": [],
                "v6_cidr_blocks": []
              }
            ],
            "folder_id": "b1gd51vategmg1p2q3uq",
            "id": "enpani0e4s6m34u3nafo",
            "ingress": [
              {
                "description": "Master\u003c-\u003eNodes service traffic (ingress)",
                "from_port": 0,
                "id": "enprjt371m7hvip3av02",
                "labels": {},
                "port": -1,
                "predefined_target": "self_security_group",
                "protocol": "ANY",
                "security_group_id": "",
                "to_port": 65535,
                "v4_cidr_blocks": [],
                "v6_cidr_blocks": []
              },
              {
                "description": "NLB health checks",
                "from_port": 0,
                "id": "enp5kselfjqtqhjh7qu3",
                "labels": {},
                "port": -1,
                "predefined_target": "loadbalancer_healthchecks",
                "protocol": "TCP",
                "security_group_id": "",
                "to_port": 65535,
                "v4_cidr_blocks": [],
                "v6_cidr_blocks": []
              }
            ],
            "labels": {},
            "name": "perx-k8s-cluster-node-traffic",
            "network_id": "enpssdj1860k3mb2tr4s",
            "status": "ACTIVE",
            "timeouts": null
          },
          "sensitive_attributes": [],
          "private": "eyJlMmJmYjczMC1lY2FhLTExZTYtOGY4OC0zNDM2M2JjN2M0YzAiOnsiY3JlYXRlIjoxODAwMDAwMDAwMDAsImRlbGV0ZSI6MTgwMDAwMDAwMDAwLCJ1cGRhdGUiOjE4MDAwMDAwMDAwMH19",
          "dependencies": [
            "module.network.yandex_vpc_network.k8s"
          ]
        }
      ]
    },
    {
      "module": "module.k8s",
      "mode": "managed",
      "type": "yandex_vpc_security_group",
      "name": "k8s_nodes_base",
      "provider": "provider[\"registry.terraform.io/yandex-cloud/yandex\"]",
      "instances": [
        {
          "schema_version": 0,
          "attributes": {
            "created_at": "2025-12-12T16:22:31Z",
            "description": "",
            "egress": [
              {
                "description": "Nodes egress (images, updates, etc)",
                "from_port": 0,
                "id": "enpote189hgtiamml9do",
                "labels": {},
                "port": -1,
                "predefined_target": "",
                "protocol": "ANY",
                "security_group_id": "",
                "to_port": 65535,
                "v4_cidr_blocks": [
                  "0.0.0.0/0"
                ],
                "v6_cidr_blocks": []
              }
            ],
            "folder_id": "b1gd51vategmg1p2q3uq",
            "id": "enpdh331gubunut4h784",
            "ingress": [
              {
                "description": "Pods\u003c-\u003eServices (cluster/service CIDRs)",
                "from_port": 0,
                "id": "enpfqlglj2bal55iritg",
                "labels": {},
                "port": -1,
                "predefined_target": "",
                "protocol": "ANY",
                "security_group_id": "",
                "to_port": 65535,
                "v4_cidr_blocks": [
                  "10.10.0.0/16",
                  "10.11.0.0/16"
                ],
                "v6_cidr_blocks": []
              }
            ],
            "labels": {},
            "name": "perx-k8s-nodes-base",
            "network_id": "enpssdj1860k3mb2tr4s",
            "status": "ACTIVE",
            "timeouts": null
          },
          "sensitive_attributes": [],
          "private": "eyJlMmJmYjczMC1lY2FhLTExZTYtOGY4OC0zNDM2M2JjN2M0YzAiOnsiY3JlYXRlIjoxODAwMDAwMDAwMDAsImRlbGV0ZSI6MTgwMDAwMDAwMDAwLCJ1cGRhdGUiOjE4MDAwMDAwMDAwMH19",
          "dependencies": [
            "module.network.yandex_vpc_network.k8s"
          ]
        }
      ]
    },
    {
      "module": "module.k8s",
      "mode": "managed",
      "type": "yandex_vpc_security_group",
      "name": "k8s_nodes_ingress",
      "provider": "provider[\"registry.terraform.io/yandex-cloud/yandex\"]",
      "instances": [
        {
          "schema_version": 0,
          "attributes": {
            "created_at": "2025-12-12T16:22:35Z",
            "description": "",
            "egress": [],
            "folder_id": "b1gd51vategmg1p2q3uq",
            "id": "enpq2h9aen5joq4nk1lp",
            "ingress": [
              {
                "description": "Ingress via NodePort from LB / Internet",
                "from_port": 30000,
                "id": "enpfni7d703oq3o9gri1",
                "labels": {},
                "port": -1,
                "predefined_target": "",
                "protocol": "TCP",
                "security_group_id": "",
                "to_port": 32767,
                "v4_cidr_blocks": [
                  "0.0.0.0/0"
                ],
                "v6_cidr_blocks": []
              }
            ],
            "labels": {},
            "name": "perx-k8s-nodes-ingress",
            "network_id": "enpssdj1860k3mb2tr4s",
            "status": "ACTIVE",
            "timeouts": null
          },
          "sensitive_attributes": [],
          "private": "eyJlMmJmYjczMC1lY2FhLTExZTYtOGY4OC0zNDM2M2JjN2M0YzAiOnsiY3JlYXRlIjoxODAwMDAwMDAwMDAsImRlbGV0ZSI6MTgwMDAwMDAwMDAwLCJ1cGRhdGUiOjE4MDAwMDAwMDAwMH19",
          "dependencies": [
            "module.network.yandex_vpc_network.k8s"
          ]
        }
      ]
    },
    {
      "module": "module.kubeconfig",
      "mode": "managed",
      "type": "null_resource",
      "name": "create_kubeconfig",
      "provider": "provider[\"registry.terraform.io/hashicorp/null\"]",
      "instances": [
        {
          "schema_version": 0,
          "attributes": {
            "id": "212182367087642384",
            "triggers": {
              "cluster_id": "catdhhs3onc7qhq221uj"
            }
          },
          "sensitive_attributes": [],
          "dependencies": [
            "module.iam.yandex_iam_service_account.k8s_cluster_sa",
            "module.iam.yandex_iam_service_account.k8s_nodes_sa",
            "module.k8s.yandex_kubernetes_cluster.perx",
            "module.k8s.yandex_kubernetes_node_group.perx_ng",
            "module.k8s.yandex_vpc_security_group.k8s_cluster_api",
            "module.k8s.yandex_vpc_security_group.k8s_cluster_node_traffic",
            "module.k8s.yandex_vpc_security_group.k8s_main",
            "module.k8s.yandex_vpc_security_group.k8s_nodes_base",
            "module.k8s.yandex_vpc_security_group.k8s_nodes_ingress",
            "module.network.yandex_vpc_gateway.nat",
            "module.network.yandex_vpc_network.k8s",
            "module.network.yandex_vpc_route_table.private_rt",
            "module.network.yandex_vpc_subnet.private_a",
            "module.network.yandex_vpc_subnet.public_a"
          ]
        }
      ]
    },
    {
      "module": "module.network",
      "mode": "managed",
      "type": "yandex_vpc_gateway",
      "name": "nat",
      "provider": "provider[\"registry.terraform.io/yandex-cloud/yandex\"]",
      "instances": [
        {
          "schema_version": 0,
          "attributes": {
            "created_at": "2025-12-12T14:15:53Z",
            "description": "",
            "folder_id": "b1gd51vategmg1p2q3uq",
            "id": "enpkq1ttii89m1sqprlp",
            "labels": {
              "env": "prod",
              "project": "perx",
              "role": "nat",
              "scope": "private"
            },
            "name": "perx-nat-gw",
            "shared_egress_gateway": [
              {}
            ],
            "timeouts": null
          },
          "sensitive_attributes": [],
          "private": "eyJlMmJmYjczMC1lY2FhLTExZTYtOGY4OC0zNDM2M2JjN2M0YzAiOnsiY3JlYXRlIjo2MDAwMDAwMDAwMCwiZGVsZXRlIjo2MDAwMDAwMDAwMCwidXBkYXRlIjo2MDAwMDAwMDAwMH19"
        }
      ]
    },
    {
      "module": "module.network",
      "mode": "managed",
      "type": "yandex_vpc_network",
      "name": "k8s",
      "provider": "provider[\"registry.terraform.io/yandex-cloud/yandex\"]",
      "instances": [
        {
          "schema_version": 0,
          "attributes": {
            "created_at": "2025-12-12T14:15:53Z",
            "default_security_group_id": "enpquabr5s90usr3g6s6",
            "description": "",
            "folder_id": "b1gd51vategmg1p2q3uq",
            "id": "enpssdj1860k3mb2tr4s",
            "labels": {
              "env": "prod",
              "project": "perx",
              "role": "network"
            },
            "name": "perx-k8s-network",
            "subnet_ids": [
              "e9base2i63vu5818rkk4",
              "e9bef4b72hg54usnv3uh",
              "e9bnisj99kmg3ikfj0uv",
              "e9brr6aufmfab2pf7sbh"
            ],
            "timeouts": null
          },
          "sensitive_attributes": [],
          "private": "eyJlMmJmYjczMC1lY2FhLTExZTYtOGY4OC0zNDM2M2JjN2M0YzAiOnsiY3JlYXRlIjo2MDAwMDAwMDAwMCwiZGVsZXRlIjo2MDAwMDAwMDAwMCwidXBkYXRlIjo2MDAwMDAwMDAwMH19"
        }
      ]
    },
    {
      "module": "module.network",
      "mode": "managed",
      "type": "yandex_vpc_route_table",
      "name": "private_rt",
      "provider": "provider[\"registry.terraform.io/yandex-cloud/yandex\"]",
      "instances": [
        {
          "schema_version": 0,
          "attributes": {
            "created_at": "2025-12-12T14:15:56Z",
            "description": "",
            "folder_id": "b1gd51vategmg1p2q3uq",
            "id": "enpdfcj76nsfca4891sv",
            "labels": {
              "env": "prod",
              "project": "perx",
              "role": "route-table",
              "scope": "nat"
            },
            "name": "perx-private-rt",
            "network_id": "enpssdj1860k3mb2tr4s",
            "static_route": [
              {
                "destination_prefix": "0.0.0.0/0",
                "gateway_id": "enpkq1ttii89m1sqprlp",
                "next_hop_address": ""
              }
            ],
            "timeouts": null
          },
          "sensitive_attributes": [],
          "private": "eyJlMmJmYjczMC1lY2FhLTExZTYtOGY4OC0zNDM2M2JjN2M0YzAiOnsiY3JlYXRlIjoxODAwMDAwMDAwMDAsImRlbGV0ZSI6MTgwMDAwMDAwMDAwLCJ1cGRhdGUiOjE4MDAwMDAwMDAwMH19",
          "dependencies": [
            "module.network.yandex_vpc_gateway.nat",
            "module.network.yandex_vpc_network.k8s"
          ]
        }
      ]
    },
    {
      "module": "module.network",
      "mode": "managed",
      "type": "yandex_vpc_subnet",
      "name": "private_a",
      "provider": "provider[\"registry.terraform.io/yandex-cloud/yandex\"]",
      "instances": [
        {
          "schema_version": 0,
          "attributes": {
            "created_at": "2025-12-12T14:15:57Z",
            "description": "",
            "dhcp_options": [],
            "folder_id": "b1gd51vategmg1p2q3uq",
            "id": "e9bef4b72hg54usnv3uh",
            "labels": {
              "env": "prod",
              "project": "perx",
              "scope": "private",
              "type": "subnet"
            },
            "name": "perx-k8s-private-a",
            "network_id": "enpssdj1860k3mb2tr4s",
            "route_table_id": "enpdfcj76nsfca4891sv",
            "timeouts": null,
            "v4_cidr_blocks": [
              "10.0.1.0/24"
            ],
            "v6_cidr_blocks": [],
            "zone": "ru-central1-a"
          },
          "sensitive_attributes": [],
          "private": "eyJlMmJmYjczMC1lY2FhLTExZTYtOGY4OC0zNDM2M2JjN2M0YzAiOnsiY3JlYXRlIjoxODAwMDAwMDAwMDAsImRlbGV0ZSI6MTgwMDAwMDAwMDAwLCJ1cGRhdGUiOjE4MDAwMDAwMDAwMH19",
          "dependencies": [
            "module.network.yandex_vpc_gateway.nat",
            "module.network.yandex_vpc_network.k8s",
            "module.network.yandex_vpc_route_table.private_rt"
          ]
        }
      ]
    },
    {
      "module": "module.network",
      "mode": "managed",
      "type": "yandex_vpc_subnet",
      "name": "public_a",
      "provider": "provider[\"registry.terraform.io/yandex-cloud/yandex\"]",
      "instances": [
        {
          "schema_version": 0,
          "attributes": {
            "created_at": "2025-12-12T14:15:56Z",
            "description": "",
            "dhcp_options": [],
            "folder_id": "b1gd51vategmg1p2q3uq",
            "id": "e9bnisj99kmg3ikfj0uv",
            "labels": {
              "env": "prod",
              "project": "perx",
              "scope": "public",
              "type": "subnet"
            },
            "name": "perx-k8s-public-a",
            "network_id": "enpssdj1860k3mb2tr4s",
            "route_table_id": "",
            "timeouts": null,
            "v4_cidr_blocks": [
              "10.0.0.0/24"
            ],
            "v6_cidr_blocks": [],
            "zone": "ru-central1-a"
          },
          "sensitive_attributes": [],
          "private": "eyJlMmJmYjczMC1lY2FhLTExZTYtOGY4OC0zNDM2M2JjN2M0YzAiOnsiY3JlYXRlIjoxODAwMDAwMDAwMDAsImRlbGV0ZSI6MTgwMDAwMDAwMDAwLCJ1cGRhdGUiOjE4MDAwMDAwMDAwMH19",
          "dependencies": [
            "module.network.yandex_vpc_network.k8s"
          ]
        }
      ]
    }
  ],
  "check_results": null
}
