dependencies:
- name: mongodb
  repository: https://charts.bitnami.com/bitnami
  version: 18.1.16
- name: nats
  repository: https://nats-io.github.io/k8s/helm/charts/
  version: 2.12.2
digest: sha256:183fcad439763cd203ed7bf0d1dade2a6503e3529905fb56208b9168d63a33d5
generated: "2025-12-12T14:36:24.7998347+06:00"
